
Microsoft Visual Studio Solution File, Format Version 12.00
# Visual Studio 15
VisualStudioVersion = 15.0.27130.2003
MinimumVisualStudioVersion = 10.0.40219.1
Project("{8BC9CEB8-8B4A-11D0-8D11-00A0C91BC942}") = "07_Command", "07_Command\07_Command.vcxproj", "{7C304D1B-22B8-4E4E-AD12-287A0DA7630D}"
EndProject
Project("{8BC9CEB8-8B4A-11D0-8D11-00A0C91BC942}") = "09_Observer", "09_Observer\09_Observer.vcxproj", "{FD24CC96-B85B-41B3-B230-72A57593B7AB}"
EndProject
Project("{8BC9CEB8-8B4A-11D0-8D11-00A0C91BC942}") = "11_NullObject", "11_NullObject\11_NullObject.vcxproj", "{7AFFB312-A1B5-4BDF-9E7C-EBC39D4184B1}"
EndProject
Project("{8BC9CEB8-8B4A-11D0-8D11-00A0C91BC942}") = "05_Memento", "05_Memento\05_Memento.vcxproj", "{71328050-ED9B-40D0-95F3-7C4D0900467A}"
EndProject
Global
	GlobalSection(SolutionConfigurationPlatforms) = preSolution
		Debug|x64 = Debug|x64
		Debug|x86 = Debug|x86
		Release|x64 = Release|x64
		Release|x86 = Release|x86
	EndGlobalSection
	GlobalSection(ProjectConfigurationPlatforms) = postSolution
		{7C304D1B-22B8-4E4E-AD12-287A0DA7630D}.Debug|x64.ActiveCfg = Debug|x64
		{7C304D1B-22B8-4E4E-AD12-287A0DA7630D}.Debug|x64.Build.0 = Debug|x64
		{7C304D1B-22B8-4E4E-AD12-287A0DA7630D}.Debug|x86.ActiveCfg = Debug|Win32
		{7C304D1B-22B8-4E4E-AD12-287A0DA7630D}.Debug|x86.Build.0 = Debug|Win32
		{7C304D1B-22B8-4E4E-AD12-287A0DA7630D}.Release|x64.ActiveCfg = Release|x64
		{7C304D1B-22B8-4E4E-AD12-287A0DA7630D}.Release|x64.Build.0 = Release|x64
		{7C304D1B-22B8-4E4E-AD12-287A0DA7630D}.Release|x86.ActiveCfg = Release|Win32
		{7C304D1B-22B8-4E4E-AD12-287A0DA7630D}.Release|x86.Build.0 = Release|Win32
		{FD24CC96-B85B-41B3-B230-72A57593B7AB}.Debug|x64.ActiveCfg = Debug|x64
		{FD24CC96-B85B-41B3-B230-72A57593B7AB}.Debug|x64.Build.0 = Debug|x64
		{FD24CC96-B85B-41B3-B230-72A57593B7AB}.Debug|x86.ActiveCfg = Debug|Win32
		{FD24CC96-B85B-41B3-B230-72A57593B7AB}.Debug|x86.Build.0 = Debug|Win32
		{FD24CC96-B85B-41B3-B230-72A57593B7AB}.Release|x64.ActiveCfg = Release|x64
		{FD24CC96-B85B-41B3-B230-72A57593B7AB}.Release|x64.Build.0 = Release|x64
		{FD24CC96-B85B-41B3-B230-72A57593B7AB}.Release|x86.ActiveCfg = Release|Win32
		{FD24CC96-B85B-41B3-B230-72A57593B7AB}.Release|x86.Build.0 = Release|Win32
		{7AFFB312-A1B5-4BDF-9E7C-EBC39D4184B1}.Debug|x64.ActiveCfg = Debug|x64
		{7AFFB312-A1B5-4BDF-9E7C-EBC39D4184B1}.Debug|x64.Build.0 = Debug|x64
		{7AFFB312-A1B5-4BDF-9E7C-EBC39D4184B1}.Debug|x86.ActiveCfg = Debug|Win32
		{7AFFB312-A1B5-4BDF-9E7C-EBC39D4184B1}.Debug|x86.Build.0 = Debug|Win32
		{7AFFB312-A1B5-4BDF-9E7C-EBC39D4184B1}.Release|x64.ActiveCfg = Release|x64
		{7AFFB312-A1B5-4BDF-9E7C-EBC39D4184B1}.Release|x64.Build.0 = Release|x64
		{7AFFB312-A1B5-4BDF-9E7C-EBC39D4184B1}.Release|x86.ActiveCfg = Release|Win32
		{7AFFB312-A1B5-4BDF-9E7C-EBC39D4184B1}.Release|x86.Build.0 = Release|Win32
		{71328050-ED9B-40D0-95F3-7C4D0900467A}.Debug|x64.ActiveCfg = Debug|x64
		{71328050-ED9B-40D0-95F3-7C4D0900467A}.Debug|x64.Build.0 = Debug|x64
		{71328050-ED9B-40D0-95F3-7C4D0900467A}.Debug|x86.ActiveCfg = Debug|Win32
		{71328050-ED9B-40D0-95F3-7C4D0900467A}.Debug|x86.Build.0 = Debug|Win32
		{71328050-ED9B-40D0-95F3-7C4D0900467A}.Release|x64.ActiveCfg = Release|x64
		{71328050-ED9B-40D0-95F3-7C4D0900467A}.Release|x64.Build.0 = Release|x64
		{71328050-ED9B-40D0-95F3-7C4D0900467A}.Release|x86.ActiveCfg = Release|Win32
		{71328050-ED9B-40D0-95F3-7C4D0900467A}.Release|x86.Build.0 = Release|Win32
	EndGlobalSection
	GlobalSection(SolutionProperties) = preSolution
		HideSolutionNode = FALSE
	EndGlobalSection
	GlobalSection(ExtensibilityGlobals) = postSolution
		SolutionGuid = {03A63A71-91C3-43D9-A720-EB57776E74F0}
	EndGlobalSection
EndGlobal
