
Microsoft Visual Studio Solution File, Format Version 12.00
# Visual Studio 15
VisualStudioVersion = 15.0.27130.2003
MinimumVisualStudioVersion = 10.0.40219.1
Project("{8BC9CEB8-8B4A-11D0-8D11-00A0C91BC942}") = "01_Fabrica", "01_Fabrica\01_Fabrica.vcxproj", "{537EDFFB-EC21-40C7-A159-AFF172BD831A}"
EndProject
Project("{8BC9CEB8-8B4A-11D0-8D11-00A0C91BC942}") = "02_Fabrica_Ejercicio", "02_Fabrica_Ejercicio\02_Fabrica_Ejercicio.vcxproj", "{128BA664-8618-4110-8B76-8F06BDF10309}"
EndProject
Project("{8BC9CEB8-8B4A-11D0-8D11-00A0C91BC942}") = "03_FabricaAbstracta", "03_FabricaAbstracta\03_FabricaAbstracta.vcxproj", "{3D1BA831-A3A9-44FF-8086-30708C2CC18D}"
EndProject
Project("{8BC9CEB8-8B4A-11D0-8D11-00A0C91BC942}") = "04_FabricaAbstracta_Ejercicio", "04_FabricaAbstracta_Ejercicio\04_FabricaAbstracta_Ejercicio.vcxproj", "{EE5E8843-D9D5-4C87-8EEF-48769B9D1BDE}"
EndProject
Project("{8BC9CEB8-8B4A-11D0-8D11-00A0C91BC942}") = "05_Singleton", "05_Singleton\05_Singleton.vcxproj", "{EC3F7107-DECB-4F08-935B-A4EBCFEE3B76}"
EndProject
Project("{8BC9CEB8-8B4A-11D0-8D11-00A0C91BC942}") = "05_Singleton_Ejercicio", "05_Singleton_Ejercicio\05_Singleton_Ejercicio.vcxproj", "{03B5F009-E649-4888-BA50-D270DA58E7B2}"
EndProject
Project("{8BC9CEB8-8B4A-11D0-8D11-00A0C91BC942}") = "07_Builder", "07_Builder\07_Builder.vcxproj", "{7947EF7A-01A4-4728-9BB6-F78576713524}"
EndProject
Global
	GlobalSection(SolutionConfigurationPlatforms) = preSolution
		Debug|x64 = Debug|x64
		Debug|x86 = Debug|x86
		Release|x64 = Release|x64
		Release|x86 = Release|x86
	EndGlobalSection
	GlobalSection(ProjectConfigurationPlatforms) = postSolution
		{537EDFFB-EC21-40C7-A159-AFF172BD831A}.Debug|x64.ActiveCfg = Debug|x64
		{537EDFFB-EC21-40C7-A159-AFF172BD831A}.Debug|x64.Build.0 = Debug|x64
		{537EDFFB-EC21-40C7-A159-AFF172BD831A}.Debug|x64.Deploy.0 = Debug|x64
		{537EDFFB-EC21-40C7-A159-AFF172BD831A}.Debug|x86.ActiveCfg = Debug|Win32
		{537EDFFB-EC21-40C7-A159-AFF172BD831A}.Debug|x86.Build.0 = Debug|Win32
		{537EDFFB-EC21-40C7-A159-AFF172BD831A}.Debug|x86.Deploy.0 = Debug|Win32
		{537EDFFB-EC21-40C7-A159-AFF172BD831A}.Release|x64.ActiveCfg = Release|x64
		{537EDFFB-EC21-40C7-A159-AFF172BD831A}.Release|x64.Build.0 = Release|x64
		{537EDFFB-EC21-40C7-A159-AFF172BD831A}.Release|x64.Deploy.0 = Release|x64
		{537EDFFB-EC21-40C7-A159-AFF172BD831A}.Release|x86.ActiveCfg = Release|Win32
		{537EDFFB-EC21-40C7-A159-AFF172BD831A}.Release|x86.Build.0 = Release|Win32
		{537EDFFB-EC21-40C7-A159-AFF172BD831A}.Release|x86.Deploy.0 = Release|Win32
		{128BA664-8618-4110-8B76-8F06BDF10309}.Debug|x64.ActiveCfg = Debug|x64
		{128BA664-8618-4110-8B76-8F06BDF10309}.Debug|x64.Build.0 = Debug|x64
		{128BA664-8618-4110-8B76-8F06BDF10309}.Debug|x86.ActiveCfg = Debug|Win32
		{128BA664-8618-4110-8B76-8F06BDF10309}.Debug|x86.Build.0 = Debug|Win32
		{128BA664-8618-4110-8B76-8F06BDF10309}.Release|x64.ActiveCfg = Release|x64
		{128BA664-8618-4110-8B76-8F06BDF10309}.Release|x64.Build.0 = Release|x64
		{128BA664-8618-4110-8B76-8F06BDF10309}.Release|x86.ActiveCfg = Release|Win32
		{128BA664-8618-4110-8B76-8F06BDF10309}.Release|x86.Build.0 = Release|Win32
		{3D1BA831-A3A9-44FF-8086-30708C2CC18D}.Debug|x64.ActiveCfg = Debug|x64
		{3D1BA831-A3A9-44FF-8086-30708C2CC18D}.Debug|x64.Build.0 = Debug|x64
		{3D1BA831-A3A9-44FF-8086-30708C2CC18D}.Debug|x86.ActiveCfg = Debug|Win32
		{3D1BA831-A3A9-44FF-8086-30708C2CC18D}.Debug|x86.Build.0 = Debug|Win32
		{3D1BA831-A3A9-44FF-8086-30708C2CC18D}.Release|x64.ActiveCfg = Release|x64
		{3D1BA831-A3A9-44FF-8086-30708C2CC18D}.Release|x64.Build.0 = Release|x64
		{3D1BA831-A3A9-44FF-8086-30708C2CC18D}.Release|x86.ActiveCfg = Release|Win32
		{3D1BA831-A3A9-44FF-8086-30708C2CC18D}.Release|x86.Build.0 = Release|Win32
		{EE5E8843-D9D5-4C87-8EEF-48769B9D1BDE}.Debug|x64.ActiveCfg = Debug|x64
		{EE5E8843-D9D5-4C87-8EEF-48769B9D1BDE}.Debug|x64.Build.0 = Debug|x64
		{EE5E8843-D9D5-4C87-8EEF-48769B9D1BDE}.Debug|x86.ActiveCfg = Debug|Win32
		{EE5E8843-D9D5-4C87-8EEF-48769B9D1BDE}.Debug|x86.Build.0 = Debug|Win32
		{EE5E8843-D9D5-4C87-8EEF-48769B9D1BDE}.Release|x64.ActiveCfg = Release|x64
		{EE5E8843-D9D5-4C87-8EEF-48769B9D1BDE}.Release|x64.Build.0 = Release|x64
		{EE5E8843-D9D5-4C87-8EEF-48769B9D1BDE}.Release|x86.ActiveCfg = Release|Win32
		{EE5E8843-D9D5-4C87-8EEF-48769B9D1BDE}.Release|x86.Build.0 = Release|Win32
		{EC3F7107-DECB-4F08-935B-A4EBCFEE3B76}.Debug|x64.ActiveCfg = Debug|x64
		{EC3F7107-DECB-4F08-935B-A4EBCFEE3B76}.Debug|x64.Build.0 = Debug|x64
		{EC3F7107-DECB-4F08-935B-A4EBCFEE3B76}.Debug|x86.ActiveCfg = Debug|Win32
		{EC3F7107-DECB-4F08-935B-A4EBCFEE3B76}.Debug|x86.Build.0 = Debug|Win32
		{EC3F7107-DECB-4F08-935B-A4EBCFEE3B76}.Release|x64.ActiveCfg = Release|x64
		{EC3F7107-DECB-4F08-935B-A4EBCFEE3B76}.Release|x64.Build.0 = Release|x64
		{EC3F7107-DECB-4F08-935B-A4EBCFEE3B76}.Release|x86.ActiveCfg = Release|Win32
		{EC3F7107-DECB-4F08-935B-A4EBCFEE3B76}.Release|x86.Build.0 = Release|Win32
		{03B5F009-E649-4888-BA50-D270DA58E7B2}.Debug|x64.ActiveCfg = Debug|x64
		{03B5F009-E649-4888-BA50-D270DA58E7B2}.Debug|x64.Build.0 = Debug|x64
		{03B5F009-E649-4888-BA50-D270DA58E7B2}.Debug|x86.ActiveCfg = Debug|Win32
		{03B5F009-E649-4888-BA50-D270DA58E7B2}.Debug|x86.Build.0 = Debug|Win32
		{03B5F009-E649-4888-BA50-D270DA58E7B2}.Release|x64.ActiveCfg = Release|x64
		{03B5F009-E649-4888-BA50-D270DA58E7B2}.Release|x64.Build.0 = Release|x64
		{03B5F009-E649-4888-BA50-D270DA58E7B2}.Release|x86.ActiveCfg = Release|Win32
		{03B5F009-E649-4888-BA50-D270DA58E7B2}.Release|x86.Build.0 = Release|Win32
		{7947EF7A-01A4-4728-9BB6-F78576713524}.Debug|x64.ActiveCfg = Debug|x64
		{7947EF7A-01A4-4728-9BB6-F78576713524}.Debug|x64.Build.0 = Debug|x64
		{7947EF7A-01A4-4728-9BB6-F78576713524}.Debug|x86.ActiveCfg = Debug|Win32
		{7947EF7A-01A4-4728-9BB6-F78576713524}.Debug|x86.Build.0 = Debug|Win32
		{7947EF7A-01A4-4728-9BB6-F78576713524}.Release|x64.ActiveCfg = Release|x64
		{7947EF7A-01A4-4728-9BB6-F78576713524}.Release|x64.Build.0 = Release|x64
		{7947EF7A-01A4-4728-9BB6-F78576713524}.Release|x86.ActiveCfg = Release|Win32
		{7947EF7A-01A4-4728-9BB6-F78576713524}.Release|x86.Build.0 = Release|Win32
	EndGlobalSection
	GlobalSection(SolutionProperties) = preSolution
		HideSolutionNode = FALSE
	EndGlobalSection
	GlobalSection(ExtensibilityGlobals) = postSolution
		SolutionGuid = {E2EE9009-13F8-4E05-9FCB-03C4C51A91B9}
	EndGlobalSection
EndGlobal
